
Microsoft Visual Studio Solution File, Format Version 12.00
# Visual Studio 15
VisualStudioVersion = 15.0.28307.1231
MinimumVisualStudioVersion = 10.0.40219.1
Project("{FAE04EC0-301F-11D3-BF4B-00C04F79EFBC}") = "QL_Kho", "QL_Kho\QL_Kho.csproj", "{8B0E65DA-83B3-4BAA-A4C0-A969B157CEAA}"
EndProject
Global
	GlobalSection(SolutionConfigurationPlatforms) = preSolution
		Debug|Any CPU = Debug|Any CPU
		Release|Any CPU = Release|Any CPU
	EndGlobalSection
	GlobalSection(ProjectConfigurationPlatforms) = postSolution
		{8B0E65DA-83B3-4BAA-A4C0-A969B157CEAA}.Debug|Any CPU.ActiveCfg = Debug|Any CPU
		{8B0E65DA-83B3-4BAA-A4C0-A969B157CEAA}.Debug|Any CPU.Build.0 = Debug|Any CPU
		{8B0E65DA-83B3-4BAA-A4C0-A969B157CEAA}.Release|Any CPU.ActiveCfg = Release|Any CPU
		{8B0E65DA-83B3-4BAA-A4C0-A969B157CEAA}.Release|Any CPU.Build.0 = Release|Any CPU
	EndGlobalSection
	GlobalSection(SolutionProperties) = preSolution
		HideSolutionNode = FALSE
	EndGlobalSection
	GlobalSection(ExtensibilityGlobals) = postSolution
		SolutionGuid = {FACBC27F-A62A-421E-9BFD-7D20B92F2E1D}
	EndGlobalSection
EndGlobal
